
Microsoft Visual Studio Solution File, Format Version 12.00
# Visual Studio Version 17
VisualStudioVersion = 17.7.34202.233
MinimumVisualStudioVersion = 10.0.40219.1
Project("{FAE04EC0-301F-11D3-BF4B-00C04F79EFBC}") = "CityInfo", "CityInfo\CityInfo.csproj", "{C466DCD9-B698-4492-9615-F4EEB7538C82}"
EndProject
Global
	GlobalSection(SolutionConfigurationPlatforms) = preSolution
		Debug|Any CPU = Debug|Any CPU
		Release|Any CPU = Release|Any CPU
	EndGlobalSection
	GlobalSection(ProjectConfigurationPlatforms) = postSolution
		{C466DCD9-B698-4492-9615-F4EEB7538C82}.Debug|Any CPU.ActiveCfg = Debug|Any CPU
		{C466DCD9-B698-4492-9615-F4EEB7538C82}.Debug|Any CPU.Build.0 = Debug|Any CPU
		{C466DCD9-B698-4492-9615-F4EEB7538C82}.Release|Any CPU.ActiveCfg = Release|Any CPU
		{C466DCD9-B698-4492-9615-F4EEB7538C82}.Release|Any CPU.Build.0 = Release|Any CPU
	EndGlobalSection
	GlobalSection(SolutionProperties) = preSolution
		HideSolutionNode = FALSE
	EndGlobalSection
	GlobalSection(ExtensibilityGlobals) = postSolution
		SolutionGuid = {B15337DB-E7CB-4D62-A611-58D6B1313991}
	EndGlobalSection
EndGlobal
